
Microsoft Visual Studio Solution File, Format Version 12.00
# Visual Studio Version 17
VisualStudioVersion = 17.9.34701.34
MinimumVisualStudioVersion = 10.0.40219.1
Project("{9A19103F-16F7-4668-BE54-9A1E7A4F7556}") = "Tp1Laboratorio3", "Tp1Laboratorio3.csproj", "{50D7068A-3F7C-42BB-87EE-9CC26E599226}"
EndProject
Project("{9A19103F-16F7-4668-BE54-9A1E7A4F7556}") = "Tp1Laboratorio3.Test", "..\Tp1Programacion3.Test\Tp1Laboratorio3.Test.csproj", "{D808283E-AA6C-4AE7-B9B3-7A0D0D6EB758}"
EndProject
Global
	GlobalSection(SolutionConfigurationPlatforms) = preSolution
		Debug|Any CPU = Debug|Any CPU
		Release|Any CPU = Release|Any CPU
	EndGlobalSection
	GlobalSection(ProjectConfigurationPlatforms) = postSolution
		{50D7068A-3F7C-42BB-87EE-9CC26E599226}.Debug|Any CPU.ActiveCfg = Debug|Any CPU
		{50D7068A-3F7C-42BB-87EE-9CC26E599226}.Debug|Any CPU.Build.0 = Debug|Any CPU
		{50D7068A-3F7C-42BB-87EE-9CC26E599226}.Release|Any CPU.ActiveCfg = Release|Any CPU
		{50D7068A-3F7C-42BB-87EE-9CC26E599226}.Release|Any CPU.Build.0 = Release|Any CPU
		{D808283E-AA6C-4AE7-B9B3-7A0D0D6EB758}.Debug|Any CPU.ActiveCfg = Debug|Any CPU
		{D808283E-AA6C-4AE7-B9B3-7A0D0D6EB758}.Debug|Any CPU.Build.0 = Debug|Any CPU
		{D808283E-AA6C-4AE7-B9B3-7A0D0D6EB758}.Release|Any CPU.ActiveCfg = Release|Any CPU
		{D808283E-AA6C-4AE7-B9B3-7A0D0D6EB758}.Release|Any CPU.Build.0 = Release|Any CPU
	EndGlobalSection
	GlobalSection(SolutionProperties) = preSolution
		HideSolutionNode = FALSE
	EndGlobalSection
	GlobalSection(ExtensibilityGlobals) = postSolution
		SolutionGuid = {19CAB146-A3A8-491E-AFFA-84972FE28C23}
	EndGlobalSection
EndGlobal
